{
  "object": {
    "pins": [
      {
        "package": "Alamofire",
        "repositoryURL": "https://github.com/Alamofire/Alamofire",
        "state": {
          "branch": null,
          "revision": "f82c23a8a7ef8dc1a49a8bfc6a96883e79121864",
          "version": "5.5.0"
        }
      },
      {
        "package": "Nuke",
        "repositoryURL": "https://github.com/kean/Nuke",
        "state": {
          "branch": null,
          "revision": "6be3e778f1663b16dd645b7e8a0a01f73b5ed7f3",
          "version": "10.5.2"
        }
      },
      {
        "package": "SPAlert",
        "repositoryURL": "https://github.com/ivanvorobei/SPAlert",
        "state": {
          "branch": null,
          "revision": "52c6fbfd025c8aeb2236c4f629dcca59e0060de6",
          "version": "3.5.1"
        }
      },
      {
        "package": "SPDiffable",
        "repositoryURL": "https://github.com/ivanvorobei/SPDiffable",
        "state": {
          "branch": null,
          "revision": "84e69c37fac575a46ed27e4dc95042903b5bf0cd",
          "version": "2.2.0"
        }
      },
      {
        "package": "SPIndicator",
        "repositoryURL": "https://github.com/ivanvorobei/SPIndicator",
        "state": {
          "branch": null,
          "revision": "2f67eeace945680865ba2baeb38fb0654fa4d537",
          "version": "1.6.3"
        }
      },
      {
        "package": "SPPerspective",
        "repositoryURL": "https://github.com/ivanvorobei/SPPerspective",
        "state": {
          "branch": null,
          "revision": "580ed06a5daec94c5095379971570289b429fa3d",
          "version": "1.4.1"
        }
      },
      {
        "package": "SwiftyJSON",
        "repositoryURL": "https://github.com/SwiftyJSON/SwiftyJSON",
        "state": {
          "branch": null,
          "revision": "b3dcd7dbd0d488e1a7077cb33b00f2083e382f07",
          "version": "5.0.1"
        }
      }
    ]
  },
  "version": 1
}
